
Microsoft Visual Studio Solution File, Format Version 12.00
# Visual Studio Version 17
VisualStudioVersion = 17.7.33913.275
MinimumVisualStudioVersion = 10.0.40219.1
Project("{FAE04EC0-301F-11D3-BF4B-00C04F79EFBC}") = "Contacts.Server", "Contacts\Server\Contacts.Server.csproj", "{B1B25E98-3850-4B8D-9812-C9D10869AD79}"
EndProject
Project("{FAE04EC0-301F-11D3-BF4B-00C04F79EFBC}") = "Contacts.Client", "Contacts\Client\Contacts.Client.csproj", "{ECCF5BB1-7199-466E-A72C-D61B8C3D38E2}"
EndProject
Project("{FAE04EC0-301F-11D3-BF4B-00C04F79EFBC}") = "Contacts.Shared", "Contacts\Shared\Contacts.Shared.csproj", "{EEC22D6D-12BE-4B62-A179-AC2A99D78A89}"
EndProject
Global
	GlobalSection(SolutionConfigurationPlatforms) = preSolution
		Debug|Any CPU = Debug|Any CPU
		Release|Any CPU = Release|Any CPU
	EndGlobalSection
	GlobalSection(ProjectConfigurationPlatforms) = postSolution
		{B1B25E98-3850-4B8D-9812-C9D10869AD79}.Debug|Any CPU.ActiveCfg = Debug|Any CPU
		{B1B25E98-3850-4B8D-9812-C9D10869AD79}.Debug|Any CPU.Build.0 = Debug|Any CPU
		{B1B25E98-3850-4B8D-9812-C9D10869AD79}.Release|Any CPU.ActiveCfg = Release|Any CPU
		{B1B25E98-3850-4B8D-9812-C9D10869AD79}.Release|Any CPU.Build.0 = Release|Any CPU
		{ECCF5BB1-7199-466E-A72C-D61B8C3D38E2}.Debug|Any CPU.ActiveCfg = Debug|Any CPU
		{ECCF5BB1-7199-466E-A72C-D61B8C3D38E2}.Debug|Any CPU.Build.0 = Debug|Any CPU
		{ECCF5BB1-7199-466E-A72C-D61B8C3D38E2}.Release|Any CPU.ActiveCfg = Release|Any CPU
		{ECCF5BB1-7199-466E-A72C-D61B8C3D38E2}.Release|Any CPU.Build.0 = Release|Any CPU
		{EEC22D6D-12BE-4B62-A179-AC2A99D78A89}.Debug|Any CPU.ActiveCfg = Debug|Any CPU
		{EEC22D6D-12BE-4B62-A179-AC2A99D78A89}.Debug|Any CPU.Build.0 = Debug|Any CPU
		{EEC22D6D-12BE-4B62-A179-AC2A99D78A89}.Release|Any CPU.ActiveCfg = Release|Any CPU
		{EEC22D6D-12BE-4B62-A179-AC2A99D78A89}.Release|Any CPU.Build.0 = Release|Any CPU
	EndGlobalSection
	GlobalSection(SolutionProperties) = preSolution
		HideSolutionNode = FALSE
	EndGlobalSection
	GlobalSection(ExtensibilityGlobals) = postSolution
		SolutionGuid = {7C75F3ED-F5A5-46CA-BA83-63211A8A6A3C}
	EndGlobalSection
EndGlobal
